Microsoft Visual Studio Solution File, Format Version 12.00
# Visual Studio Version 17
VisualStudioVersion = 17.5.2.0
MinimumVisualStudioVersion = 10.0.40219.1
Project("{FAE04EC0-301F-11D3-BF4B-00C04F79EFBC}") = "MiniCommerce.Api", "MiniCommerce.Api.csproj", "{2DEC2451-BA26-0454-5205-77D48BFEBEAB}"
EndProject
Global
	GlobalSection(SolutionConfigurationPlatforms) = preSolution
		Debug|Any CPU = Debug|Any CPU
		Release|Any CPU = Release|Any CPU
	EndGlobalSection
	GlobalSection(ProjectConfigurationPlatforms) = postSolution
		{2DEC2451-BA26-0454-5205-77D48BFEBEAB}.Debug|Any CPU.ActiveCfg = Debug|Any CPU
		{2DEC2451-BA26-0454-5205-77D48BFEBEAB}.Debug|Any CPU.Build.0 = Debug|Any CPU
		{2DEC2451-BA26-0454-5205-77D48BFEBEAB}.Release|Any CPU.ActiveCfg = Release|Any CPU
		{2DEC2451-BA26-0454-5205-77D48BFEBEAB}.Release|Any CPU.Build.0 = Release|Any CPU
	EndGlobalSection
	GlobalSection(SolutionProperties) = preSolution
		HideSolutionNode = FALSE
	EndGlobalSection
	GlobalSection(ExtensibilityGlobals) = postSolution
		SolutionGuid = {17D6277B-794B-4AF4-BF7D-AA239BCF3898}
	EndGlobalSection
EndGlobal
